
Microsoft Visual Studio Solution File, Format Version 12.00
# Visual Studio Version 17
VisualStudioVersion = 17.1.31911.260
MinimumVisualStudioVersion = 10.0.40219.1
Project("{2150E333-8FDC-42A3-9474-1A3956D46DE8}") = "src", "src", "{6C185CB8-2EF7-474B-AE54-D7069022A6BF}"
EndProject
Project("{2150E333-8FDC-42A3-9474-1A3956D46DE8}") = "Services", "Services", "{6C3AA82C-FDA8-4B13-8993-2993F9A0F905}"
EndProject
Project("{2150E333-8FDC-42A3-9474-1A3956D46DE8}") = "Products", "Products", "{73C907D4-B714-4B11-826A-BF93B50A67D3}"
EndProject
Project("{9A19103F-16F7-4668-BE54-9A1E7A4F7556}") = "Products.Api", "src\Services\Products\Products.Api\Products.Api.csproj", "{AD8CEE4F-4732-483F-B45F-BF6806C9480E}"
EndProject
Project("{9A19103F-16F7-4668-BE54-9A1E7A4F7556}") = "Products.Domain", "src\Services\Products\Products.Domain\Products.Domain.csproj", "{8BC30476-0E03-49E4-A51C-6BB6F4474C76}"
EndProject
Project("{9A19103F-16F7-4668-BE54-9A1E7A4F7556}") = "Products.Application", "src\Services\Products\Products.Application\Products.Application.csproj", "{45E80166-3C03-4578-9B1E-D09DF2619E1A}"
EndProject
Project("{9A19103F-16F7-4668-BE54-9A1E7A4F7556}") = "Products.Infrastructure", "src\Services\Products\Products.Infrastructure\Products.Infrastructure.csproj", "{2CEBC6B6-4D04-4C94-BBAE-E11263D89E25}"
EndProject
Project("{2150E333-8FDC-42A3-9474-1A3956D46DE8}") = "Users", "Users", "{28C33FB2-CB9A-42BD-BF70-BD7194501617}"
EndProject
Project("{9A19103F-16F7-4668-BE54-9A1E7A4F7556}") = "Users.Identity", "src\Services\Users\Users.Identity\Users.Identity.csproj", "{76AB3466-4CCB-4B4D-9BBF-08EF75371AFE}"
EndProject
Project("{2150E333-8FDC-42A3-9474-1A3956D46DE8}") = "Baskets", "Baskets", "{880A1134-E0A9-4640-91FF-D2F24EDCE439}"
EndProject
Project("{9A19103F-16F7-4668-BE54-9A1E7A4F7556}") = "Baskets.Api", "src\Services\Baskets\Baskets.Api\Baskets.Api.csproj", "{71EA0918-39E1-4344-86E9-9B58810A225C}"
EndProject
Project("{9A19103F-16F7-4668-BE54-9A1E7A4F7556}") = "Baskets.Domain", "src\Services\Baskets\Baskets.Domain\Baskets.Domain.csproj", "{BD40B667-CDD1-460B-B6EC-05E880842360}"
EndProject
Project("{9A19103F-16F7-4668-BE54-9A1E7A4F7556}") = "Baskets.Application", "src\Services\Baskets\Baskets.Application\Baskets.Application.csproj", "{87B23FBB-5DB5-46C0-B2D8-D4349ABC2033}"
EndProject
Project("{9A19103F-16F7-4668-BE54-9A1E7A4F7556}") = "Baskets.Infrastructure", "src\Services\Baskets\Baskets.Infrastructure\Baskets.Infrastructure.csproj", "{9DF62EFC-82E0-4C55-B910-0C62F5781320}"
EndProject
Project("{2150E333-8FDC-42A3-9474-1A3956D46DE8}") = "Orders", "Orders", "{7E743293-6F2F-4D73-93B3-35C1E64D75B0}"
EndProject
Project("{9A19103F-16F7-4668-BE54-9A1E7A4F7556}") = "Orders.Api", "src\Services\Orders\Orders.Api\Orders.Api.csproj", "{50644A0E-CED4-49AC-9F56-DDB43B215509}"
EndProject
Project("{9A19103F-16F7-4668-BE54-9A1E7A4F7556}") = "Orders.Domain", "src\Services\Orders\Orders.Domain\Orders.Domain.csproj", "{9F8F4405-2611-4E9B-9249-75E407BD793D}"
EndProject
Project("{9A19103F-16F7-4668-BE54-9A1E7A4F7556}") = "Orders.Application", "src\Services\Orders\Orders.Application\Orders.Application.csproj", "{40B804E7-A4DE-4816-879C-D2ED4BD8367A}"
EndProject
Project("{9A19103F-16F7-4668-BE54-9A1E7A4F7556}") = "Orders.Infrastructure", "src\Services\Orders\Orders.Infrastructure\Orders.Infrastructure.csproj", "{19A740D9-4360-4806-85BC-4F8CA02846AB}"
EndProject
Project("{2150E333-8FDC-42A3-9474-1A3956D46DE8}") = "Payments", "Payments", "{EEFD8331-3E8A-4C77-A2DC-266290DA462A}"
EndProject
Project("{9A19103F-16F7-4668-BE54-9A1E7A4F7556}") = "Payments.Api", "src\Services\Payments\Payments.Api\Payments.Api.csproj", "{64114881-8B88-428E-88F8-BCB04CEC25B6}"
EndProject
Project("{9A19103F-16F7-4668-BE54-9A1E7A4F7556}") = "Payments.Domain", "src\Services\Payments\Payments.Domain\Payments.Domain.csproj", "{57FF98F6-3CF6-48CB-B884-7CBB57F451D7}"
EndProject
Project("{9A19103F-16F7-4668-BE54-9A1E7A4F7556}") = "Payments.Application", "src\Services\Payments\Payments.Application\Payments.Application.csproj", "{FB7FDBEF-48CE-4500-93B2-7915250DA5DB}"
EndProject
Project("{9A19103F-16F7-4668-BE54-9A1E7A4F7556}") = "Payments.Infrastructure", "src\Services\Payments\Payments.Infrastructure\Payments.Infrastructure.csproj", "{BF3D17AF-9F5E-4199-B11C-27C1C5DC779D}"
EndProject
Project("{2150E333-8FDC-42A3-9474-1A3956D46DE8}") = "tests", "tests", "{5D5B5D88-9B71-477A-8177-C61BC672CD4E}"
EndProject
Project("{9A19103F-16F7-4668-BE54-9A1E7A4F7556}") = "Orders.UnitTests", "src\Services\Orders\tests\Orders.UnitTests\Orders.UnitTests.csproj", "{6E182EDE-FCD3-44F8-A753-E5ADD7AA9959}"
EndProject
Project("{9A19103F-16F7-4668-BE54-9A1E7A4F7556}") = "Orders.IntegrationTests", "src\Services\Orders\tests\Orders.IntegrationTests\Orders.IntegrationTests.csproj", "{D4DD92F8-E432-4E51-9339-D2806C338CA1}"
EndProject
Project("{2150E333-8FDC-42A3-9474-1A3956D46DE8}") = "BuildingBlocks", "BuildingBlocks", "{0A04B064-661F-41DF-98C6-8E7F375B478B}"
EndProject
Project("{9A19103F-16F7-4668-BE54-9A1E7A4F7556}") = "EventBus.IntegrationEvents", "src\BuildingBlocks\EventBus.IntegrationEvents\EventBus.IntegrationEvents.csproj", "{26E47647-7359-44AA-B8BE-CF73A2DC04DF}"
EndProject
Project("{9A19103F-16F7-4668-BE54-9A1E7A4F7556}") = "EventBus", "src\BuildingBlocks\EventBus\EventBus.csproj", "{E7E778A2-F4AD-45C7-B0B2-10A3C2E9D04A}"
EndProject
Project("{9A19103F-16F7-4668-BE54-9A1E7A4F7556}") = "Orders.Saga", "src\Services\Orders\Orders.Saga\Orders.Saga.csproj", "{7EDD8608-8A4C-4F2B-B8DF-8FF5E6C20DB1}"
EndProject
Project("{2150E333-8FDC-42A3-9474-1A3956D46DE8}") = "tests", "tests", "{19F9E7DA-269C-4C55-BDE0-953C4A3C55F9}"
EndProject
Project("{9A19103F-16F7-4668-BE54-9A1E7A4F7556}") = "Baskets.IntegrationTests", "src\Services\Baskets\tests\Baskets.IntegrationTests\Baskets.IntegrationTests.csproj", "{A7F0F9E3-EB9B-4C13-A453-1C7E0228FE3D}"
EndProject
Project("{9A19103F-16F7-4668-BE54-9A1E7A4F7556}") = "Baskets.UnitTests", "src\Services\Baskets\tests\Baskets.UnitTests\Baskets.UnitTests.csproj", "{FC4B613F-647A-4A4A-95E5-164163F19AAE}"
EndProject
Project("{2150E333-8FDC-42A3-9474-1A3956D46DE8}") = "ApiGateways", "ApiGateways", "{343BED65-D955-4069-9B7A-4C9EC560C9F9}"
EndProject
Project("{9A19103F-16F7-4668-BE54-9A1E7A4F7556}") = "OcelotGateway.Api", "src\ApiGateways\OcelotGateway.Api\OcelotGateway.Api.csproj", "{DA348807-311D-48B1-B7A5-548F0B6C194E}"
EndProject
Project("{9A19103F-16F7-4668-BE54-9A1E7A4F7556}") = "Orders.Saga.IntegrationTests", "src\Services\Orders\tests\Orders.Saga.IntegrationTests\Orders.Saga.IntegrationTests.csproj", "{9CB839A3-5CA6-4B6E-A0DD-D886C28C7B6D}"
EndProject
Project("{2150E333-8FDC-42A3-9474-1A3956D46DE8}") = "WebApps", "WebApps", "{F4EAD855-DDE7-495B-BEEE-F14DB1F918AB}"
EndProject
Project("{9A19103F-16F7-4668-BE54-9A1E7A4F7556}") = "BlazorApp", "src\WebApps\BlazorApp\BlazorApp.csproj", "{48A9380B-4EF3-449D-9EB6-480EABB3AA87}"
EndProject
Project("{E53339B2-1760-4266-BCC7-CA923CBCF16C}") = "docker-compose", "docker-compose.dcproj", "{E7E8D865-3529-4A9C-B965-FE9BCF64E7AE}"
EndProject
Global
	GlobalSection(SolutionConfigurationPlatforms) = preSolution
		Debug|Any CPU = Debug|Any CPU
		Debug|x64 = Debug|x64
		Debug|x86 = Debug|x86
		Release|Any CPU = Release|Any CPU
		Release|x64 = Release|x64
		Release|x86 = Release|x86
	EndGlobalSection
	GlobalSection(ProjectConfigurationPlatforms) = postSolution
		{AD8CEE4F-4732-483F-B45F-BF6806C9480E}.Debug|Any CPU.ActiveCfg = Debug|Any CPU
		{AD8CEE4F-4732-483F-B45F-BF6806C9480E}.Debug|Any CPU.Build.0 = Debug|Any CPU
		{AD8CEE4F-4732-483F-B45F-BF6806C9480E}.Debug|x64.ActiveCfg = Debug|Any CPU
		{AD8CEE4F-4732-483F-B45F-BF6806C9480E}.Debug|x64.Build.0 = Debug|Any CPU
		{AD8CEE4F-4732-483F-B45F-BF6806C9480E}.Debug|x86.ActiveCfg = Debug|Any CPU
		{AD8CEE4F-4732-483F-B45F-BF6806C9480E}.Debug|x86.Build.0 = Debug|Any CPU
		{AD8CEE4F-4732-483F-B45F-BF6806C9480E}.Release|Any CPU.ActiveCfg = Release|Any CPU
		{AD8CEE4F-4732-483F-B45F-BF6806C9480E}.Release|Any CPU.Build.0 = Release|Any CPU
		{AD8CEE4F-4732-483F-B45F-BF6806C9480E}.Release|x64.ActiveCfg = Release|Any CPU
		{AD8CEE4F-4732-483F-B45F-BF6806C9480E}.Release|x64.Build.0 = Release|Any CPU
		{AD8CEE4F-4732-483F-B45F-BF6806C9480E}.Release|x86.ActiveCfg = Release|Any CPU
		{AD8CEE4F-4732-483F-B45F-BF6806C9480E}.Release|x86.Build.0 = Release|Any CPU
		{8BC30476-0E03-49E4-A51C-6BB6F4474C76}.Debug|Any CPU.ActiveCfg = Debug|Any CPU
		{8BC30476-0E03-49E4-A51C-6BB6F4474C76}.Debug|Any CPU.Build.0 = Debug|Any CPU
		{8BC30476-0E03-49E4-A51C-6BB6F4474C76}.Debug|x64.ActiveCfg = Debug|Any CPU
		{8BC30476-0E03-49E4-A51C-6BB6F4474C76}.Debug|x64.Build.0 = Debug|Any CPU
		{8BC30476-0E03-49E4-A51C-6BB6F4474C76}.Debug|x86.ActiveCfg = Debug|Any CPU
		{8BC30476-0E03-49E4-A51C-6BB6F4474C76}.Debug|x86.Build.0 = Debug|Any CPU
		{8BC30476-0E03-49E4-A51C-6BB6F4474C76}.Release|Any CPU.ActiveCfg = Release|Any CPU
		{8BC30476-0E03-49E4-A51C-6BB6F4474C76}.Release|Any CPU.Build.0 = Release|Any CPU
		{8BC30476-0E03-49E4-A51C-6BB6F4474C76}.Release|x64.ActiveCfg = Release|Any CPU
		{8BC30476-0E03-49E4-A51C-6BB6F4474C76}.Release|x64.Build.0 = Release|Any CPU
		{8BC30476-0E03-49E4-A51C-6BB6F4474C76}.Release|x86.ActiveCfg = Release|Any CPU
		{8BC30476-0E03-49E4-A51C-6BB6F4474C76}.Release|x86.Build.0 = Release|Any CPU
		{45E80166-3C03-4578-9B1E-D09DF2619E1A}.Debug|Any CPU.ActiveCfg = Debug|Any CPU
		{45E80166-3C03-4578-9B1E-D09DF2619E1A}.Debug|Any CPU.Build.0 = Debug|Any CPU
		{45E80166-3C03-4578-9B1E-D09DF2619E1A}.Debug|x64.ActiveCfg = Debug|Any CPU
		{45E80166-3C03-4578-9B1E-D09DF2619E1A}.Debug|x64.Build.0 = Debug|Any CPU
		{45E80166-3C03-4578-9B1E-D09DF2619E1A}.Debug|x86.ActiveCfg = Debug|Any CPU
		{45E80166-3C03-4578-9B1E-D09DF2619E1A}.Debug|x86.Build.0 = Debug|Any CPU
		{45E80166-3C03-4578-9B1E-D09DF2619E1A}.Release|Any CPU.ActiveCfg = Release|Any CPU
		{45E80166-3C03-4578-9B1E-D09DF2619E1A}.Release|Any CPU.Build.0 = Release|Any CPU
		{45E80166-3C03-4578-9B1E-D09DF2619E1A}.Release|x64.ActiveCfg = Release|Any CPU
		{45E80166-3C03-4578-9B1E-D09DF2619E1A}.Release|x64.Build.0 = Release|Any CPU
		{45E80166-3C03-4578-9B1E-D09DF2619E1A}.Release|x86.ActiveCfg = Release|Any CPU
		{45E80166-3C03-4578-9B1E-D09DF2619E1A}.Release|x86.Build.0 = Release|Any CPU
		{2CEBC6B6-4D04-4C94-BBAE-E11263D89E25}.Debug|Any CPU.ActiveCfg = Debug|Any CPU
		{2CEBC6B6-4D04-4C94-BBAE-E11263D89E25}.Debug|Any CPU.Build.0 = Debug|Any CPU
		{2CEBC6B6-4D04-4C94-BBAE-E11263D89E25}.Debug|x64.ActiveCfg = Debug|Any CPU
		{2CEBC6B6-4D04-4C94-BBAE-E11263D89E25}.Debug|x64.Build.0 = Debug|Any CPU
		{2CEBC6B6-4D04-4C94-BBAE-E11263D89E25}.Debug|x86.ActiveCfg = Debug|Any CPU
		{2CEBC6B6-4D04-4C94-BBAE-E11263D89E25}.Debug|x86.Build.0 = Debug|Any CPU
		{2CEBC6B6-4D04-4C94-BBAE-E11263D89E25}.Release|Any CPU.ActiveCfg = Release|Any CPU
		{2CEBC6B6-4D04-4C94-BBAE-E11263D89E25}.Release|Any CPU.Build.0 = Release|Any CPU
		{2CEBC6B6-4D04-4C94-BBAE-E11263D89E25}.Release|x64.ActiveCfg = Release|Any CPU
		{2CEBC6B6-4D04-4C94-BBAE-E11263D89E25}.Release|x64.Build.0 = Release|Any CPU
		{2CEBC6B6-4D04-4C94-BBAE-E11263D89E25}.Release|x86.ActiveCfg = Release|Any CPU
		{2CEBC6B6-4D04-4C94-BBAE-E11263D89E25}.Release|x86.Build.0 = Release|Any CPU
		{76AB3466-4CCB-4B4D-9BBF-08EF75371AFE}.Debug|Any CPU.ActiveCfg = Debug|Any CPU
		{76AB3466-4CCB-4B4D-9BBF-08EF75371AFE}.Debug|Any CPU.Build.0 = Debug|Any CPU
		{76AB3466-4CCB-4B4D-9BBF-08EF75371AFE}.Debug|x64.ActiveCfg = Debug|Any CPU
		{76AB3466-4CCB-4B4D-9BBF-08EF75371AFE}.Debug|x64.Build.0 = Debug|Any CPU
		{76AB3466-4CCB-4B4D-9BBF-08EF75371AFE}.Debug|x86.ActiveCfg = Debug|Any CPU
		{76AB3466-4CCB-4B4D-9BBF-08EF75371AFE}.Debug|x86.Build.0 = Debug|Any CPU
		{76AB3466-4CCB-4B4D-9BBF-08EF75371AFE}.Release|Any CPU.ActiveCfg = Release|Any CPU
		{76AB3466-4CCB-4B4D-9BBF-08EF75371AFE}.Release|Any CPU.Build.0 = Release|Any CPU
		{76AB3466-4CCB-4B4D-9BBF-08EF75371AFE}.Release|x64.ActiveCfg = Release|Any CPU
		{76AB3466-4CCB-4B4D-9BBF-08EF75371AFE}.Release|x64.Build.0 = Release|Any CPU
		{76AB3466-4CCB-4B4D-9BBF-08EF75371AFE}.Release|x86.ActiveCfg = Release|Any CPU
		{76AB3466-4CCB-4B4D-9BBF-08EF75371AFE}.Release|x86.Build.0 = Release|Any CPU
		{71EA0918-39E1-4344-86E9-9B58810A225C}.Debug|Any CPU.ActiveCfg = Debug|Any CPU
		{71EA0918-39E1-4344-86E9-9B58810A225C}.Debug|Any CPU.Build.0 = Debug|Any CPU
		{71EA0918-39E1-4344-86E9-9B58810A225C}.Debug|x64.ActiveCfg = Debug|Any CPU
		{71EA0918-39E1-4344-86E9-9B58810A225C}.Debug|x64.Build.0 = Debug|Any CPU
		{71EA0918-39E1-4344-86E9-9B58810A225C}.Debug|x86.ActiveCfg = Debug|Any CPU
		{71EA0918-39E1-4344-86E9-9B58810A225C}.Debug|x86.Build.0 = Debug|Any CPU
		{71EA0918-39E1-4344-86E9-9B58810A225C}.Release|Any CPU.ActiveCfg = Release|Any CPU
		{71EA0918-39E1-4344-86E9-9B58810A225C}.Release|Any CPU.Build.0 = Release|Any CPU
		{71EA0918-39E1-4344-86E9-9B58810A225C}.Release|x64.ActiveCfg = Release|Any CPU
		{71EA0918-39E1-4344-86E9-9B58810A225C}.Release|x64.Build.0 = Release|Any CPU
		{71EA0918-39E1-4344-86E9-9B58810A225C}.Release|x86.ActiveCfg = Release|Any CPU
		{71EA0918-39E1-4344-86E9-9B58810A225C}.Release|x86.Build.0 = Release|Any CPU
		{BD40B667-CDD1-460B-B6EC-05E880842360}.Debug|Any CPU.ActiveCfg = Debug|Any CPU
		{BD40B667-CDD1-460B-B6EC-05E880842360}.Debug|Any CPU.Build.0 = Debug|Any CPU
		{BD40B667-CDD1-460B-B6EC-05E880842360}.Debug|x64.ActiveCfg = Debug|Any CPU
		{BD40B667-CDD1-460B-B6EC-05E880842360}.Debug|x64.Build.0 = Debug|Any CPU
		{BD40B667-CDD1-460B-B6EC-05E880842360}.Debug|x86.ActiveCfg = Debug|Any CPU
		{BD40B667-CDD1-460B-B6EC-05E880842360}.Debug|x86.Build.0 = Debug|Any CPU
		{BD40B667-CDD1-460B-B6EC-05E880842360}.Release|Any CPU.ActiveCfg = Release|Any CPU
		{BD40B667-CDD1-460B-B6EC-05E880842360}.Release|Any CPU.Build.0 = Release|Any CPU
		{BD40B667-CDD1-460B-B6EC-05E880842360}.Release|x64.ActiveCfg = Release|Any CPU
		{BD40B667-CDD1-460B-B6EC-05E880842360}.Release|x64.Build.0 = Release|Any CPU
		{BD40B667-CDD1-460B-B6EC-05E880842360}.Release|x86.ActiveCfg = Release|Any CPU
		{BD40B667-CDD1-460B-B6EC-05E880842360}.Release|x86.Build.0 = Release|Any CPU
		{87B23FBB-5DB5-46C0-B2D8-D4349ABC2033}.Debug|Any CPU.ActiveCfg = Debug|Any CPU
		{87B23FBB-5DB5-46C0-B2D8-D4349ABC2033}.Debug|Any CPU.Build.0 = Debug|Any CPU
		{87B23FBB-5DB5-46C0-B2D8-D4349ABC2033}.Debug|x64.ActiveCfg = Debug|Any CPU
		{87B23FBB-5DB5-46C0-B2D8-D4349ABC2033}.Debug|x64.Build.0 = Debug|Any CPU
		{87B23FBB-5DB5-46C0-B2D8-D4349ABC2033}.Debug|x86.ActiveCfg = Debug|Any CPU
		{87B23FBB-5DB5-46C0-B2D8-D4349ABC2033}.Debug|x86.Build.0 = Debug|Any CPU
		{87B23FBB-5DB5-46C0-B2D8-D4349ABC2033}.Release|Any CPU.ActiveCfg = Release|Any CPU
		{87B23FBB-5DB5-46C0-B2D8-D4349ABC2033}.Release|Any CPU.Build.0 = Release|Any CPU
		{87B23FBB-5DB5-46C0-B2D8-D4349ABC2033}.Release|x64.ActiveCfg = Release|Any CPU
		{87B23FBB-5DB5-46C0-B2D8-D4349ABC2033}.Release|x64.Build.0 = Release|Any CPU
		{87B23FBB-5DB5-46C0-B2D8-D4349ABC2033}.Release|x86.ActiveCfg = Release|Any CPU
		{87B23FBB-5DB5-46C0-B2D8-D4349ABC2033}.Release|x86.Build.0 = Release|Any CPU
		{9DF62EFC-82E0-4C55-B910-0C62F5781320}.Debug|Any CPU.ActiveCfg = Debug|Any CPU
		{9DF62EFC-82E0-4C55-B910-0C62F5781320}.Debug|Any CPU.Build.0 = Debug|Any CPU
		{9DF62EFC-82E0-4C55-B910-0C62F5781320}.Debug|x64.ActiveCfg = Debug|Any CPU
		{9DF62EFC-82E0-4C55-B910-0C62F5781320}.Debug|x64.Build.0 = Debug|Any CPU
		{9DF62EFC-82E0-4C55-B910-0C62F5781320}.Debug|x86.ActiveCfg = Debug|Any CPU
		{9DF62EFC-82E0-4C55-B910-0C62F5781320}.Debug|x86.Build.0 = Debug|Any CPU
		{9DF62EFC-82E0-4C55-B910-0C62F5781320}.Release|Any CPU.ActiveCfg = Release|Any CPU
		{9DF62EFC-82E0-4C55-B910-0C62F5781320}.Release|Any CPU.Build.0 = Release|Any CPU
		{9DF62EFC-82E0-4C55-B910-0C62F5781320}.Release|x64.ActiveCfg = Release|Any CPU
		{9DF62EFC-82E0-4C55-B910-0C62F5781320}.Release|x64.Build.0 = Release|Any CPU
		{9DF62EFC-82E0-4C55-B910-0C62F5781320}.Release|x86.ActiveCfg = Release|Any CPU
		{9DF62EFC-82E0-4C55-B910-0C62F5781320}.Release|x86.Build.0 = Release|Any CPU
		{50644A0E-CED4-49AC-9F56-DDB43B215509}.Debug|Any CPU.ActiveCfg = Debug|Any CPU
		{50644A0E-CED4-49AC-9F56-DDB43B215509}.Debug|Any CPU.Build.0 = Debug|Any CPU
		{50644A0E-CED4-49AC-9F56-DDB43B215509}.Debug|x64.ActiveCfg = Debug|Any CPU
		{50644A0E-CED4-49AC-9F56-DDB43B215509}.Debug|x64.Build.0 = Debug|Any CPU
		{50644A0E-CED4-49AC-9F56-DDB43B215509}.Debug|x86.ActiveCfg = Debug|Any CPU
		{50644A0E-CED4-49AC-9F56-DDB43B215509}.Debug|x86.Build.0 = Debug|Any CPU
		{50644A0E-CED4-49AC-9F56-DDB43B215509}.Release|Any CPU.ActiveCfg = Release|Any CPU
		{50644A0E-CED4-49AC-9F56-DDB43B215509}.Release|Any CPU.Build.0 = Release|Any CPU
		{50644A0E-CED4-49AC-9F56-DDB43B215509}.Release|x64.ActiveCfg = Release|Any CPU
		{50644A0E-CED4-49AC-9F56-DDB43B215509}.Release|x64.Build.0 = Release|Any CPU
		{50644A0E-CED4-49AC-9F56-DDB43B215509}.Release|x86.ActiveCfg = Release|Any CPU
		{50644A0E-CED4-49AC-9F56-DDB43B215509}.Release|x86.Build.0 = Release|Any CPU
		{9F8F4405-2611-4E9B-9249-75E407BD793D}.Debug|Any CPU.ActiveCfg = Debug|Any CPU
		{9F8F4405-2611-4E9B-9249-75E407BD793D}.Debug|Any CPU.Build.0 = Debug|Any CPU
		{9F8F4405-2611-4E9B-9249-75E407BD793D}.Debug|x64.ActiveCfg = Debug|Any CPU
		{9F8F4405-2611-4E9B-9249-75E407BD793D}.Debug|x64.Build.0 = Debug|Any CPU
		{9F8F4405-2611-4E9B-9249-75E407BD793D}.Debug|x86.ActiveCfg = Debug|Any CPU
		{9F8F4405-2611-4E9B-9249-75E407BD793D}.Debug|x86.Build.0 = Debug|Any CPU
		{9F8F4405-2611-4E9B-9249-75E407BD793D}.Release|Any CPU.ActiveCfg = Release|Any CPU
		{9F8F4405-2611-4E9B-9249-75E407BD793D}.Release|Any CPU.Build.0 = Release|Any CPU
		{9F8F4405-2611-4E9B-9249-75E407BD793D}.Release|x64.ActiveCfg = Release|Any CPU
		{9F8F4405-2611-4E9B-9249-75E407BD793D}.Release|x64.Build.0 = Release|Any CPU
		{9F8F4405-2611-4E9B-9249-75E407BD793D}.Release|x86.ActiveCfg = Release|Any CPU
		{9F8F4405-2611-4E9B-9249-75E407BD793D}.Release|x86.Build.0 = Release|Any CPU
		{40B804E7-A4DE-4816-879C-D2ED4BD8367A}.Debug|Any CPU.ActiveCfg = Debug|Any CPU
		{40B804E7-A4DE-4816-879C-D2ED4BD8367A}.Debug|Any CPU.Build.0 = Debug|Any CPU
		{40B804E7-A4DE-4816-879C-D2ED4BD8367A}.Debug|x64.ActiveCfg = Debug|Any CPU
		{40B804E7-A4DE-4816-879C-D2ED4BD8367A}.Debug|x64.Build.0 = Debug|Any CPU
		{40B804E7-A4DE-4816-879C-D2ED4BD8367A}.Debug|x86.ActiveCfg = Debug|Any CPU
		{40B804E7-A4DE-4816-879C-D2ED4BD8367A}.Debug|x86.Build.0 = Debug|Any CPU
		{40B804E7-A4DE-4816-879C-D2ED4BD8367A}.Release|Any CPU.ActiveCfg = Release|Any CPU
		{40B804E7-A4DE-4816-879C-D2ED4BD8367A}.Release|Any CPU.Build.0 = Release|Any CPU
		{40B804E7-A4DE-4816-879C-D2ED4BD8367A}.Release|x64.ActiveCfg = Release|Any CPU
		{40B804E7-A4DE-4816-879C-D2ED4BD8367A}.Release|x64.Build.0 = Release|Any CPU
		{40B804E7-A4DE-4816-879C-D2ED4BD8367A}.Release|x86.ActiveCfg = Release|Any CPU
		{40B804E7-A4DE-4816-879C-D2ED4BD8367A}.Release|x86.Build.0 = Release|Any CPU
		{19A740D9-4360-4806-85BC-4F8CA02846AB}.Debug|Any CPU.ActiveCfg = Debug|Any CPU
		{19A740D9-4360-4806-85BC-4F8CA02846AB}.Debug|Any CPU.Build.0 = Debug|Any CPU
		{19A740D9-4360-4806-85BC-4F8CA02846AB}.Debug|x64.ActiveCfg = Debug|Any CPU
		{19A740D9-4360-4806-85BC-4F8CA02846AB}.Debug|x64.Build.0 = Debug|Any CPU
		{19A740D9-4360-4806-85BC-4F8CA02846AB}.Debug|x86.ActiveCfg = Debug|Any CPU
		{19A740D9-4360-4806-85BC-4F8CA02846AB}.Debug|x86.Build.0 = Debug|Any CPU
		{19A740D9-4360-4806-85BC-4F8CA02846AB}.Release|Any CPU.ActiveCfg = Release|Any CPU
		{19A740D9-4360-4806-85BC-4F8CA02846AB}.Release|Any CPU.Build.0 = Release|Any CPU
		{19A740D9-4360-4806-85BC-4F8CA02846AB}.Release|x64.ActiveCfg = Release|Any CPU
		{19A740D9-4360-4806-85BC-4F8CA02846AB}.Release|x64.Build.0 = Release|Any CPU
		{19A740D9-4360-4806-85BC-4F8CA02846AB}.Release|x86.ActiveCfg = Release|Any CPU
		{19A740D9-4360-4806-85BC-4F8CA02846AB}.Release|x86.Build.0 = Release|Any CPU
		{64114881-8B88-428E-88F8-BCB04CEC25B6}.Debug|Any CPU.ActiveCfg = Debug|Any CPU
		{64114881-8B88-428E-88F8-BCB04CEC25B6}.Debug|Any CPU.Build.0 = Debug|Any CPU
		{64114881-8B88-428E-88F8-BCB04CEC25B6}.Debug|x64.ActiveCfg = Debug|Any CPU
		{64114881-8B88-428E-88F8-BCB04CEC25B6}.Debug|x64.Build.0 = Debug|Any CPU
		{64114881-8B88-428E-88F8-BCB04CEC25B6}.Debug|x86.ActiveCfg = Debug|Any CPU
		{64114881-8B88-428E-88F8-BCB04CEC25B6}.Debug|x86.Build.0 = Debug|Any CPU
		{64114881-8B88-428E-88F8-BCB04CEC25B6}.Release|Any CPU.ActiveCfg = Release|Any CPU
		{64114881-8B88-428E-88F8-BCB04CEC25B6}.Release|Any CPU.Build.0 = Release|Any CPU
		{64114881-8B88-428E-88F8-BCB04CEC25B6}.Release|x64.ActiveCfg = Release|Any CPU
		{64114881-8B88-428E-88F8-BCB04CEC25B6}.Release|x64.Build.0 = Release|Any CPU
		{64114881-8B88-428E-88F8-BCB04CEC25B6}.Release|x86.ActiveCfg = Release|Any CPU
		{64114881-8B88-428E-88F8-BCB04CEC25B6}.Release|x86.Build.0 = Release|Any CPU
		{57FF98F6-3CF6-48CB-B884-7CBB57F451D7}.Debug|Any CPU.ActiveCfg = Debug|Any CPU
		{57FF98F6-3CF6-48CB-B884-7CBB57F451D7}.Debug|Any CPU.Build.0 = Debug|Any CPU
		{57FF98F6-3CF6-48CB-B884-7CBB57F451D7}.Debug|x64.ActiveCfg = Debug|Any CPU
		{57FF98F6-3CF6-48CB-B884-7CBB57F451D7}.Debug|x64.Build.0 = Debug|Any CPU
		{57FF98F6-3CF6-48CB-B884-7CBB57F451D7}.Debug|x86.ActiveCfg = Debug|Any CPU
		{57FF98F6-3CF6-48CB-B884-7CBB57F451D7}.Debug|x86.Build.0 = Debug|Any CPU
		{57FF98F6-3CF6-48CB-B884-7CBB57F451D7}.Release|Any CPU.ActiveCfg = Release|Any CPU
		{57FF98F6-3CF6-48CB-B884-7CBB57F451D7}.Release|Any CPU.Build.0 = Release|Any CPU
		{57FF98F6-3CF6-48CB-B884-7CBB57F451D7}.Release|x64.ActiveCfg = Release|Any CPU
		{57FF98F6-3CF6-48CB-B884-7CBB57F451D7}.Release|x64.Build.0 = Release|Any CPU
		{57FF98F6-3CF6-48CB-B884-7CBB57F451D7}.Release|x86.ActiveCfg = Release|Any CPU
		{57FF98F6-3CF6-48CB-B884-7CBB57F451D7}.Release|x86.Build.0 = Release|Any CPU
		{FB7FDBEF-48CE-4500-93B2-7915250DA5DB}.Debug|Any CPU.ActiveCfg = Debug|Any CPU
		{FB7FDBEF-48CE-4500-93B2-7915250DA5DB}.Debug|Any CPU.Build.0 = Debug|Any CPU
		{FB7FDBEF-48CE-4500-93B2-7915250DA5DB}.Debug|x64.ActiveCfg = Debug|Any CPU
		{FB7FDBEF-48CE-4500-93B2-7915250DA5DB}.Debug|x64.Build.0 = Debug|Any CPU
		{FB7FDBEF-48CE-4500-93B2-7915250DA5DB}.Debug|x86.ActiveCfg = Debug|Any CPU
		{FB7FDBEF-48CE-4500-93B2-7915250DA5DB}.Debug|x86.Build.0 = Debug|Any CPU
		{FB7FDBEF-48CE-4500-93B2-7915250DA5DB}.Release|Any CPU.ActiveCfg = Release|Any CPU
		{FB7FDBEF-48CE-4500-93B2-7915250DA5DB}.Release|Any CPU.Build.0 = Release|Any CPU
		{FB7FDBEF-48CE-4500-93B2-7915250DA5DB}.Release|x64.ActiveCfg = Release|Any CPU
		{FB7FDBEF-48CE-4500-93B2-7915250DA5DB}.Release|x64.Build.0 = Release|Any CPU
		{FB7FDBEF-48CE-4500-93B2-7915250DA5DB}.Release|x86.ActiveCfg = Release|Any CPU
		{FB7FDBEF-48CE-4500-93B2-7915250DA5DB}.Release|x86.Build.0 = Release|Any CPU
		{BF3D17AF-9F5E-4199-B11C-27C1C5DC779D}.Debug|Any CPU.ActiveCfg = Debug|Any CPU
		{BF3D17AF-9F5E-4199-B11C-27C1C5DC779D}.Debug|Any CPU.Build.0 = Debug|Any CPU
		{BF3D17AF-9F5E-4199-B11C-27C1C5DC779D}.Debug|x64.ActiveCfg = Debug|Any CPU
		{BF3D17AF-9F5E-4199-B11C-27C1C5DC779D}.Debug|x64.Build.0 = Debug|Any CPU
		{BF3D17AF-9F5E-4199-B11C-27C1C5DC779D}.Debug|x86.ActiveCfg = Debug|Any CPU
		{BF3D17AF-9F5E-4199-B11C-27C1C5DC779D}.Debug|x86.Build.0 = Debug|Any CPU
		{BF3D17AF-9F5E-4199-B11C-27C1C5DC779D}.Release|Any CPU.ActiveCfg = Release|Any CPU
		{BF3D17AF-9F5E-4199-B11C-27C1C5DC779D}.Release|Any CPU.Build.0 = Release|Any CPU
		{BF3D17AF-9F5E-4199-B11C-27C1C5DC779D}.Release|x64.ActiveCfg = Release|Any CPU
		{BF3D17AF-9F5E-4199-B11C-27C1C5DC779D}.Release|x64.Build.0 = Release|Any CPU
		{BF3D17AF-9F5E-4199-B11C-27C1C5DC779D}.Release|x86.ActiveCfg = Release|Any CPU
		{BF3D17AF-9F5E-4199-B11C-27C1C5DC779D}.Release|x86.Build.0 = Release|Any CPU
		{6E182EDE-FCD3-44F8-A753-E5ADD7AA9959}.Debug|Any CPU.ActiveCfg = Debug|Any CPU
		{6E182EDE-FCD3-44F8-A753-E5ADD7AA9959}.Debug|Any CPU.Build.0 = Debug|Any CPU
		{6E182EDE-FCD3-44F8-A753-E5ADD7AA9959}.Debug|x64.ActiveCfg = Debug|Any CPU
		{6E182EDE-FCD3-44F8-A753-E5ADD7AA9959}.Debug|x64.Build.0 = Debug|Any CPU
		{6E182EDE-FCD3-44F8-A753-E5ADD7AA9959}.Debug|x86.ActiveCfg = Debug|Any CPU
		{6E182EDE-FCD3-44F8-A753-E5ADD7AA9959}.Debug|x86.Build.0 = Debug|Any CPU
		{6E182EDE-FCD3-44F8-A753-E5ADD7AA9959}.Release|Any CPU.ActiveCfg = Release|Any CPU
		{6E182EDE-FCD3-44F8-A753-E5ADD7AA9959}.Release|Any CPU.Build.0 = Release|Any CPU
		{6E182EDE-FCD3-44F8-A753-E5ADD7AA9959}.Release|x64.ActiveCfg = Release|Any CPU
		{6E182EDE-FCD3-44F8-A753-E5ADD7AA9959}.Release|x64.Build.0 = Release|Any CPU
		{6E182EDE-FCD3-44F8-A753-E5ADD7AA9959}.Release|x86.ActiveCfg = Release|Any CPU
		{6E182EDE-FCD3-44F8-A753-E5ADD7AA9959}.Release|x86.Build.0 = Release|Any CPU
		{D4DD92F8-E432-4E51-9339-D2806C338CA1}.Debug|Any CPU.ActiveCfg = Debug|Any CPU
		{D4DD92F8-E432-4E51-9339-D2806C338CA1}.Debug|Any CPU.Build.0 = Debug|Any CPU
		{D4DD92F8-E432-4E51-9339-D2806C338CA1}.Debug|x64.ActiveCfg = Debug|Any CPU
		{D4DD92F8-E432-4E51-9339-D2806C338CA1}.Debug|x64.Build.0 = Debug|Any CPU
		{D4DD92F8-E432-4E51-9339-D2806C338CA1}.Debug|x86.ActiveCfg = Debug|Any CPU
		{D4DD92F8-E432-4E51-9339-D2806C338CA1}.Debug|x86.Build.0 = Debug|Any CPU
		{D4DD92F8-E432-4E51-9339-D2806C338CA1}.Release|Any CPU.ActiveCfg = Release|Any CPU
		{D4DD92F8-E432-4E51-9339-D2806C338CA1}.Release|Any CPU.Build.0 = Release|Any CPU
		{D4DD92F8-E432-4E51-9339-D2806C338CA1}.Release|x64.ActiveCfg = Release|Any CPU
		{D4DD92F8-E432-4E51-9339-D2806C338CA1}.Release|x64.Build.0 = Release|Any CPU
		{D4DD92F8-E432-4E51-9339-D2806C338CA1}.Release|x86.ActiveCfg = Release|Any CPU
		{D4DD92F8-E432-4E51-9339-D2806C338CA1}.Release|x86.Build.0 = Release|Any CPU
		{26E47647-7359-44AA-B8BE-CF73A2DC04DF}.Debug|Any CPU.ActiveCfg = Debug|Any CPU
		{26E47647-7359-44AA-B8BE-CF73A2DC04DF}.Debug|Any CPU.Build.0 = Debug|Any CPU
		{26E47647-7359-44AA-B8BE-CF73A2DC04DF}.Debug|x64.ActiveCfg = Debug|Any CPU
		{26E47647-7359-44AA-B8BE-CF73A2DC04DF}.Debug|x64.Build.0 = Debug|Any CPU
		{26E47647-7359-44AA-B8BE-CF73A2DC04DF}.Debug|x86.ActiveCfg = Debug|Any CPU
		{26E47647-7359-44AA-B8BE-CF73A2DC04DF}.Debug|x86.Build.0 = Debug|Any CPU
		{26E47647-7359-44AA-B8BE-CF73A2DC04DF}.Release|Any CPU.ActiveCfg = Release|Any CPU
		{26E47647-7359-44AA-B8BE-CF73A2DC04DF}.Release|Any CPU.Build.0 = Release|Any CPU
		{26E47647-7359-44AA-B8BE-CF73A2DC04DF}.Release|x64.ActiveCfg = Release|Any CPU
		{26E47647-7359-44AA-B8BE-CF73A2DC04DF}.Release|x64.Build.0 = Release|Any CPU
		{26E47647-7359-44AA-B8BE-CF73A2DC04DF}.Release|x86.ActiveCfg = Release|Any CPU
		{26E47647-7359-44AA-B8BE-CF73A2DC04DF}.Release|x86.Build.0 = Release|Any CPU
		{E7E778A2-F4AD-45C7-B0B2-10A3C2E9D04A}.Debug|Any CPU.ActiveCfg = Debug|Any CPU
		{E7E778A2-F4AD-45C7-B0B2-10A3C2E9D04A}.Debug|Any CPU.Build.0 = Debug|Any CPU
		{E7E778A2-F4AD-45C7-B0B2-10A3C2E9D04A}.Debug|x64.ActiveCfg = Debug|Any CPU
		{E7E778A2-F4AD-45C7-B0B2-10A3C2E9D04A}.Debug|x64.Build.0 = Debug|Any CPU
		{E7E778A2-F4AD-45C7-B0B2-10A3C2E9D04A}.Debug|x86.ActiveCfg = Debug|Any CPU
		{E7E778A2-F4AD-45C7-B0B2-10A3C2E9D04A}.Debug|x86.Build.0 = Debug|Any CPU
		{E7E778A2-F4AD-45C7-B0B2-10A3C2E9D04A}.Release|Any CPU.ActiveCfg = Release|Any CPU
		{E7E778A2-F4AD-45C7-B0B2-10A3C2E9D04A}.Release|Any CPU.Build.0 = Release|Any CPU
		{E7E778A2-F4AD-45C7-B0B2-10A3C2E9D04A}.Release|x64.ActiveCfg = Release|Any CPU
		{E7E778A2-F4AD-45C7-B0B2-10A3C2E9D04A}.Release|x64.Build.0 = Release|Any CPU
		{E7E778A2-F4AD-45C7-B0B2-10A3C2E9D04A}.Release|x86.ActiveCfg = Release|Any CPU
		{E7E778A2-F4AD-45C7-B0B2-10A3C2E9D04A}.Release|x86.Build.0 = Release|Any CPU
		{7EDD8608-8A4C-4F2B-B8DF-8FF5E6C20DB1}.Debug|Any CPU.ActiveCfg = Debug|Any CPU
		{7EDD8608-8A4C-4F2B-B8DF-8FF5E6C20DB1}.Debug|Any CPU.Build.0 = Debug|Any CPU
		{7EDD8608-8A4C-4F2B-B8DF-8FF5E6C20DB1}.Debug|x64.ActiveCfg = Debug|Any CPU
		{7EDD8608-8A4C-4F2B-B8DF-8FF5E6C20DB1}.Debug|x64.Build.0 = Debug|Any CPU
		{7EDD8608-8A4C-4F2B-B8DF-8FF5E6C20DB1}.Debug|x86.ActiveCfg = Debug|Any CPU
		{7EDD8608-8A4C-4F2B-B8DF-8FF5E6C20DB1}.Debug|x86.Build.0 = Debug|Any CPU
		{7EDD8608-8A4C-4F2B-B8DF-8FF5E6C20DB1}.Release|Any CPU.ActiveCfg = Release|Any CPU
		{7EDD8608-8A4C-4F2B-B8DF-8FF5E6C20DB1}.Release|Any CPU.Build.0 = Release|Any CPU
		{7EDD8608-8A4C-4F2B-B8DF-8FF5E6C20DB1}.Release|x64.ActiveCfg = Release|Any CPU
		{7EDD8608-8A4C-4F2B-B8DF-8FF5E6C20DB1}.Release|x64.Build.0 = Release|Any CPU
		{7EDD8608-8A4C-4F2B-B8DF-8FF5E6C20DB1}.Release|x86.ActiveCfg = Release|Any CPU
		{7EDD8608-8A4C-4F2B-B8DF-8FF5E6C20DB1}.Release|x86.Build.0 = Release|Any CPU
		{A7F0F9E3-EB9B-4C13-A453-1C7E0228FE3D}.Debug|Any CPU.ActiveCfg = Debug|Any CPU
		{A7F0F9E3-EB9B-4C13-A453-1C7E0228FE3D}.Debug|Any CPU.Build.0 = Debug|Any CPU
		{A7F0F9E3-EB9B-4C13-A453-1C7E0228FE3D}.Debug|x64.ActiveCfg = Debug|Any CPU
		{A7F0F9E3-EB9B-4C13-A453-1C7E0228FE3D}.Debug|x64.Build.0 = Debug|Any CPU
		{A7F0F9E3-EB9B-4C13-A453-1C7E0228FE3D}.Debug|x86.ActiveCfg = Debug|Any CPU
		{A7F0F9E3-EB9B-4C13-A453-1C7E0228FE3D}.Debug|x86.Build.0 = Debug|Any CPU
		{A7F0F9E3-EB9B-4C13-A453-1C7E0228FE3D}.Release|Any CPU.ActiveCfg = Release|Any CPU
		{A7F0F9E3-EB9B-4C13-A453-1C7E0228FE3D}.Release|Any CPU.Build.0 = Release|Any CPU
		{A7F0F9E3-EB9B-4C13-A453-1C7E0228FE3D}.Release|x64.ActiveCfg = Release|Any CPU
		{A7F0F9E3-EB9B-4C13-A453-1C7E0228FE3D}.Release|x64.Build.0 = Release|Any CPU
		{A7F0F9E3-EB9B-4C13-A453-1C7E0228FE3D}.Release|x86.ActiveCfg = Release|Any CPU
		{A7F0F9E3-EB9B-4C13-A453-1C7E0228FE3D}.Release|x86.Build.0 = Release|Any CPU
		{FC4B613F-647A-4A4A-95E5-164163F19AAE}.Debug|Any CPU.ActiveCfg = Debug|Any CPU
		{FC4B613F-647A-4A4A-95E5-164163F19AAE}.Debug|Any CPU.Build.0 = Debug|Any CPU
		{FC4B613F-647A-4A4A-95E5-164163F19AAE}.Debug|x64.ActiveCfg = Debug|Any CPU
		{FC4B613F-647A-4A4A-95E5-164163F19AAE}.Debug|x64.Build.0 = Debug|Any CPU
		{FC4B613F-647A-4A4A-95E5-164163F19AAE}.Debug|x86.ActiveCfg = Debug|Any CPU
		{FC4B613F-647A-4A4A-95E5-164163F19AAE}.Debug|x86.Build.0 = Debug|Any CPU
		{FC4B613F-647A-4A4A-95E5-164163F19AAE}.Release|Any CPU.ActiveCfg = Release|Any CPU
		{FC4B613F-647A-4A4A-95E5-164163F19AAE}.Release|Any CPU.Build.0 = Release|Any CPU
		{FC4B613F-647A-4A4A-95E5-164163F19AAE}.Release|x64.ActiveCfg = Release|Any CPU
		{FC4B613F-647A-4A4A-95E5-164163F19AAE}.Release|x64.Build.0 = Release|Any CPU
		{FC4B613F-647A-4A4A-95E5-164163F19AAE}.Release|x86.ActiveCfg = Release|Any CPU
		{FC4B613F-647A-4A4A-95E5-164163F19AAE}.Release|x86.Build.0 = Release|Any CPU
		{DA348807-311D-48B1-B7A5-548F0B6C194E}.Debug|Any CPU.ActiveCfg = Debug|Any CPU
		{DA348807-311D-48B1-B7A5-548F0B6C194E}.Debug|Any CPU.Build.0 = Debug|Any CPU
		{DA348807-311D-48B1-B7A5-548F0B6C194E}.Debug|x64.ActiveCfg = Debug|Any CPU
		{DA348807-311D-48B1-B7A5-548F0B6C194E}.Debug|x64.Build.0 = Debug|Any CPU
		{DA348807-311D-48B1-B7A5-548F0B6C194E}.Debug|x86.ActiveCfg = Debug|Any CPU
		{DA348807-311D-48B1-B7A5-548F0B6C194E}.Debug|x86.Build.0 = Debug|Any CPU
		{DA348807-311D-48B1-B7A5-548F0B6C194E}.Release|Any CPU.ActiveCfg = Release|Any CPU
		{DA348807-311D-48B1-B7A5-548F0B6C194E}.Release|Any CPU.Build.0 = Release|Any CPU
		{DA348807-311D-48B1-B7A5-548F0B6C194E}.Release|x64.ActiveCfg = Release|Any CPU
		{DA348807-311D-48B1-B7A5-548F0B6C194E}.Release|x64.Build.0 = Release|Any CPU
		{DA348807-311D-48B1-B7A5-548F0B6C194E}.Release|x86.ActiveCfg = Release|Any CPU
		{DA348807-311D-48B1-B7A5-548F0B6C194E}.Release|x86.Build.0 = Release|Any CPU
		{9CB839A3-5CA6-4B6E-A0DD-D886C28C7B6D}.Debug|Any CPU.ActiveCfg = Debug|Any CPU
		{9CB839A3-5CA6-4B6E-A0DD-D886C28C7B6D}.Debug|Any CPU.Build.0 = Debug|Any CPU
		{9CB839A3-5CA6-4B6E-A0DD-D886C28C7B6D}.Debug|x64.ActiveCfg = Debug|Any CPU
		{9CB839A3-5CA6-4B6E-A0DD-D886C28C7B6D}.Debug|x64.Build.0 = Debug|Any CPU
		{9CB839A3-5CA6-4B6E-A0DD-D886C28C7B6D}.Debug|x86.ActiveCfg = Debug|Any CPU
		{9CB839A3-5CA6-4B6E-A0DD-D886C28C7B6D}.Debug|x86.Build.0 = Debug|Any CPU
		{9CB839A3-5CA6-4B6E-A0DD-D886C28C7B6D}.Release|Any CPU.ActiveCfg = Release|Any CPU
		{9CB839A3-5CA6-4B6E-A0DD-D886C28C7B6D}.Release|Any CPU.Build.0 = Release|Any CPU
		{9CB839A3-5CA6-4B6E-A0DD-D886C28C7B6D}.Release|x64.ActiveCfg = Release|Any CPU
		{9CB839A3-5CA6-4B6E-A0DD-D886C28C7B6D}.Release|x64.Build.0 = Release|Any CPU
		{9CB839A3-5CA6-4B6E-A0DD-D886C28C7B6D}.Release|x86.ActiveCfg = Release|Any CPU
		{9CB839A3-5CA6-4B6E-A0DD-D886C28C7B6D}.Release|x86.Build.0 = Release|Any CPU
		{48A9380B-4EF3-449D-9EB6-480EABB3AA87}.Debug|Any CPU.ActiveCfg = Debug|Any CPU
		{48A9380B-4EF3-449D-9EB6-480EABB3AA87}.Debug|Any CPU.Build.0 = Debug|Any CPU
		{48A9380B-4EF3-449D-9EB6-480EABB3AA87}.Debug|x64.ActiveCfg = Debug|Any CPU
		{48A9380B-4EF3-449D-9EB6-480EABB3AA87}.Debug|x64.Build.0 = Debug|Any CPU
		{48A9380B-4EF3-449D-9EB6-480EABB3AA87}.Debug|x86.ActiveCfg = Debug|Any CPU
		{48A9380B-4EF3-449D-9EB6-480EABB3AA87}.Debug|x86.Build.0 = Debug|Any CPU
		{48A9380B-4EF3-449D-9EB6-480EABB3AA87}.Release|Any CPU.ActiveCfg = Release|Any CPU
		{48A9380B-4EF3-449D-9EB6-480EABB3AA87}.Release|Any CPU.Build.0 = Release|Any CPU
		{48A9380B-4EF3-449D-9EB6-480EABB3AA87}.Release|x64.ActiveCfg = Release|Any CPU
		{48A9380B-4EF3-449D-9EB6-480EABB3AA87}.Release|x64.Build.0 = Release|Any CPU
		{48A9380B-4EF3-449D-9EB6-480EABB3AA87}.Release|x86.ActiveCfg = Release|Any CPU
		{48A9380B-4EF3-449D-9EB6-480EABB3AA87}.Release|x86.Build.0 = Release|Any CPU
		{E7E8D865-3529-4A9C-B965-FE9BCF64E7AE}.Debug|Any CPU.ActiveCfg = Debug|Any CPU
		{E7E8D865-3529-4A9C-B965-FE9BCF64E7AE}.Debug|Any CPU.Build.0 = Debug|Any CPU
		{E7E8D865-3529-4A9C-B965-FE9BCF64E7AE}.Debug|x64.ActiveCfg = Debug|Any CPU
		{E7E8D865-3529-4A9C-B965-FE9BCF64E7AE}.Debug|x64.Build.0 = Debug|Any CPU
		{E7E8D865-3529-4A9C-B965-FE9BCF64E7AE}.Debug|x86.ActiveCfg = Debug|Any CPU
		{E7E8D865-3529-4A9C-B965-FE9BCF64E7AE}.Debug|x86.Build.0 = Debug|Any CPU
		{E7E8D865-3529-4A9C-B965-FE9BCF64E7AE}.Release|Any CPU.ActiveCfg = Release|Any CPU
		{E7E8D865-3529-4A9C-B965-FE9BCF64E7AE}.Release|Any CPU.Build.0 = Release|Any CPU
		{E7E8D865-3529-4A9C-B965-FE9BCF64E7AE}.Release|x64.ActiveCfg = Release|Any CPU
		{E7E8D865-3529-4A9C-B965-FE9BCF64E7AE}.Release|x64.Build.0 = Release|Any CPU
		{E7E8D865-3529-4A9C-B965-FE9BCF64E7AE}.Release|x86.ActiveCfg = Release|Any CPU
		{E7E8D865-3529-4A9C-B965-FE9BCF64E7AE}.Release|x86.Build.0 = Release|Any CPU
	EndGlobalSection
	GlobalSection(SolutionProperties) = preSolution
		HideSolutionNode = FALSE
	EndGlobalSection
	GlobalSection(NestedProjects) = preSolution
		{6C3AA82C-FDA8-4B13-8993-2993F9A0F905} = {6C185CB8-2EF7-474B-AE54-D7069022A6BF}
		{73C907D4-B714-4B11-826A-BF93B50A67D3} = {6C3AA82C-FDA8-4B13-8993-2993F9A0F905}
		{AD8CEE4F-4732-483F-B45F-BF6806C9480E} = {73C907D4-B714-4B11-826A-BF93B50A67D3}
		{8BC30476-0E03-49E4-A51C-6BB6F4474C76} = {73C907D4-B714-4B11-826A-BF93B50A67D3}
		{45E80166-3C03-4578-9B1E-D09DF2619E1A} = {73C907D4-B714-4B11-826A-BF93B50A67D3}
		{2CEBC6B6-4D04-4C94-BBAE-E11263D89E25} = {73C907D4-B714-4B11-826A-BF93B50A67D3}
		{28C33FB2-CB9A-42BD-BF70-BD7194501617} = {6C3AA82C-FDA8-4B13-8993-2993F9A0F905}
		{76AB3466-4CCB-4B4D-9BBF-08EF75371AFE} = {28C33FB2-CB9A-42BD-BF70-BD7194501617}
		{880A1134-E0A9-4640-91FF-D2F24EDCE439} = {6C3AA82C-FDA8-4B13-8993-2993F9A0F905}
		{71EA0918-39E1-4344-86E9-9B58810A225C} = {880A1134-E0A9-4640-91FF-D2F24EDCE439}
		{BD40B667-CDD1-460B-B6EC-05E880842360} = {880A1134-E0A9-4640-91FF-D2F24EDCE439}
		{87B23FBB-5DB5-46C0-B2D8-D4349ABC2033} = {880A1134-E0A9-4640-91FF-D2F24EDCE439}
		{9DF62EFC-82E0-4C55-B910-0C62F5781320} = {880A1134-E0A9-4640-91FF-D2F24EDCE439}
		{7E743293-6F2F-4D73-93B3-35C1E64D75B0} = {6C3AA82C-FDA8-4B13-8993-2993F9A0F905}
		{50644A0E-CED4-49AC-9F56-DDB43B215509} = {7E743293-6F2F-4D73-93B3-35C1E64D75B0}
		{9F8F4405-2611-4E9B-9249-75E407BD793D} = {7E743293-6F2F-4D73-93B3-35C1E64D75B0}
		{40B804E7-A4DE-4816-879C-D2ED4BD8367A} = {7E743293-6F2F-4D73-93B3-35C1E64D75B0}
		{19A740D9-4360-4806-85BC-4F8CA02846AB} = {7E743293-6F2F-4D73-93B3-35C1E64D75B0}
		{EEFD8331-3E8A-4C77-A2DC-266290DA462A} = {6C3AA82C-FDA8-4B13-8993-2993F9A0F905}
		{64114881-8B88-428E-88F8-BCB04CEC25B6} = {EEFD8331-3E8A-4C77-A2DC-266290DA462A}
		{57FF98F6-3CF6-48CB-B884-7CBB57F451D7} = {EEFD8331-3E8A-4C77-A2DC-266290DA462A}
		{FB7FDBEF-48CE-4500-93B2-7915250DA5DB} = {EEFD8331-3E8A-4C77-A2DC-266290DA462A}
		{BF3D17AF-9F5E-4199-B11C-27C1C5DC779D} = {EEFD8331-3E8A-4C77-A2DC-266290DA462A}
		{5D5B5D88-9B71-477A-8177-C61BC672CD4E} = {7E743293-6F2F-4D73-93B3-35C1E64D75B0}
		{6E182EDE-FCD3-44F8-A753-E5ADD7AA9959} = {5D5B5D88-9B71-477A-8177-C61BC672CD4E}
		{D4DD92F8-E432-4E51-9339-D2806C338CA1} = {5D5B5D88-9B71-477A-8177-C61BC672CD4E}
		{0A04B064-661F-41DF-98C6-8E7F375B478B} = {6C185CB8-2EF7-474B-AE54-D7069022A6BF}
		{26E47647-7359-44AA-B8BE-CF73A2DC04DF} = {0A04B064-661F-41DF-98C6-8E7F375B478B}
		{E7E778A2-F4AD-45C7-B0B2-10A3C2E9D04A} = {0A04B064-661F-41DF-98C6-8E7F375B478B}
		{7EDD8608-8A4C-4F2B-B8DF-8FF5E6C20DB1} = {7E743293-6F2F-4D73-93B3-35C1E64D75B0}
		{19F9E7DA-269C-4C55-BDE0-953C4A3C55F9} = {880A1134-E0A9-4640-91FF-D2F24EDCE439}
		{A7F0F9E3-EB9B-4C13-A453-1C7E0228FE3D} = {19F9E7DA-269C-4C55-BDE0-953C4A3C55F9}
		{FC4B613F-647A-4A4A-95E5-164163F19AAE} = {19F9E7DA-269C-4C55-BDE0-953C4A3C55F9}
		{343BED65-D955-4069-9B7A-4C9EC560C9F9} = {6C185CB8-2EF7-474B-AE54-D7069022A6BF}
		{DA348807-311D-48B1-B7A5-548F0B6C194E} = {343BED65-D955-4069-9B7A-4C9EC560C9F9}
		{9CB839A3-5CA6-4B6E-A0DD-D886C28C7B6D} = {5D5B5D88-9B71-477A-8177-C61BC672CD4E}
		{F4EAD855-DDE7-495B-BEEE-F14DB1F918AB} = {6C185CB8-2EF7-474B-AE54-D7069022A6BF}
		{48A9380B-4EF3-449D-9EB6-480EABB3AA87} = {F4EAD855-DDE7-495B-BEEE-F14DB1F918AB}
	EndGlobalSection
	GlobalSection(ExtensibilityGlobals) = postSolution
		SolutionGuid = {855E3E51-3FF8-4B05-8B3D-91AF22F2465C}
	EndGlobalSection
EndGlobal
